
Microsoft Visual Studio Solution File, Format Version 12.00
# Visual Studio Version 17
VisualStudioVersion = 17.0.31903.59
MinimumVisualStudioVersion = 10.0.40219.1
Project("{2150E333-8FDC-42A3-9474-1A3956D46DE8}") = "src", "src", "{827E0CD3-B72D-47B6-A68D-7590B98EB39B}"
EndProject
Project("{2150E333-8FDC-42A3-9474-1A3956D46DE8}") = "BuildingBlocks", "BuildingBlocks", "{90298CBA-BD6F-3A0A-69D5-97CAD7B05E7E}"
EndProject
Project("{FAE04EC0-301F-11D3-BF4B-00C04F79EFBC}") = "ChatApp.Common", "src\BuildingBlocks\ChatApp.Common\ChatApp.Common.csproj", "{0EA77C4F-0A40-4B5D-A6BB-A3733BEF2FB3}"
EndProject
Project("{FAE04EC0-301F-11D3-BF4B-00C04F79EFBC}") = "ChatApp.Contracts", "src\BuildingBlocks\ChatApp.Contracts\ChatApp.Contracts.csproj", "{B5113C24-92DB-4129-996D-EDD8B5F66DE1}"
EndProject
Project("{2150E333-8FDC-42A3-9474-1A3956D46DE8}") = "Gateway", "Gateway", "{6306A8FB-679E-111F-6585-8F70E0EE6013}"
EndProject
Project("{FAE04EC0-301F-11D3-BF4B-00C04F79EFBC}") = "ChatApp.Gateway", "src\Gateway\ChatApp.Gateway\ChatApp.Gateway.csproj", "{BA2F235D-C391-42C9-99EE-7E5B6C183392}"
EndProject
Project("{2150E333-8FDC-42A3-9474-1A3956D46DE8}") = "Services", "Services", "{984BB9B3-3FA3-BE33-9484-CAC21695A33C}"
EndProject
Project("{2150E333-8FDC-42A3-9474-1A3956D46DE8}") = "Chat", "Chat", "{DBEBE0B0-B5B0-423B-D75D-3F5D7183D7B8}"
EndProject
Project("{FAE04EC0-301F-11D3-BF4B-00C04F79EFBC}") = "ChatApp.ChatService", "src\Services\Chat\ChatApp.ChatService\ChatApp.ChatService.csproj", "{1B995858-2EDE-46C4-9939-4DBDC9252DFB}"
EndProject
Project("{2150E333-8FDC-42A3-9474-1A3956D46DE8}") = "Group", "Group", "{6F323101-07C5-3B07-9779-E35401B8AFD2}"
EndProject
Project("{FAE04EC0-301F-11D3-BF4B-00C04F79EFBC}") = "ChatApp.GroupService", "src\Services\Group\ChatApp.GroupService\ChatApp.GroupService.csproj", "{200AD083-6B7B-4969-B797-2A78016F19C5}"
EndProject
Project("{2150E333-8FDC-42A3-9474-1A3956D46DE8}") = "Identity", "Identity", "{1BFC9479-12BF-35C3-06B8-42D89D95092B}"
EndProject
Project("{FAE04EC0-301F-11D3-BF4B-00C04F79EFBC}") = "ChatApp.IdentityService", "src\Services\Identity\ChatApp.IdentityService\ChatApp.IdentityService.csproj", "{C15051B8-2A6C-49B5-ABA7-B0AF4445CEF6}"
EndProject
Project("{2150E333-8FDC-42A3-9474-1A3956D46DE8}") = "Notification", "Notification", "{C5FBE174-8E0F-F5A3-B929-8BD0C55C0A32}"
EndProject
Project("{FAE04EC0-301F-11D3-BF4B-00C04F79EFBC}") = "ChatApp.NotificationService", "src\Services\Notification\ChatApp.NotificationService\ChatApp.NotificationService.csproj", "{6FA35FC3-6CE5-4988-8161-5BB3A663BC7B}"
EndProject
Global
	GlobalSection(SolutionConfigurationPlatforms) = preSolution
		Debug|Any CPU = Debug|Any CPU
		Debug|x64 = Debug|x64
		Debug|x86 = Debug|x86
		Release|Any CPU = Release|Any CPU
		Release|x64 = Release|x64
		Release|x86 = Release|x86
	EndGlobalSection
	GlobalSection(ProjectConfigurationPlatforms) = postSolution
		{0EA77C4F-0A40-4B5D-A6BB-A3733BEF2FB3}.Debug|Any CPU.ActiveCfg = Debug|Any CPU
		{0EA77C4F-0A40-4B5D-A6BB-A3733BEF2FB3}.Debug|Any CPU.Build.0 = Debug|Any CPU
		{0EA77C4F-0A40-4B5D-A6BB-A3733BEF2FB3}.Debug|x64.ActiveCfg = Debug|Any CPU
		{0EA77C4F-0A40-4B5D-A6BB-A3733BEF2FB3}.Debug|x64.Build.0 = Debug|Any CPU
		{0EA77C4F-0A40-4B5D-A6BB-A3733BEF2FB3}.Debug|x86.ActiveCfg = Debug|Any CPU
		{0EA77C4F-0A40-4B5D-A6BB-A3733BEF2FB3}.Debug|x86.Build.0 = Debug|Any CPU
		{0EA77C4F-0A40-4B5D-A6BB-A3733BEF2FB3}.Release|Any CPU.ActiveCfg = Release|Any CPU
		{0EA77C4F-0A40-4B5D-A6BB-A3733BEF2FB3}.Release|Any CPU.Build.0 = Release|Any CPU
		{0EA77C4F-0A40-4B5D-A6BB-A3733BEF2FB3}.Release|x64.ActiveCfg = Release|Any CPU
		{0EA77C4F-0A40-4B5D-A6BB-A3733BEF2FB3}.Release|x64.Build.0 = Release|Any CPU
		{0EA77C4F-0A40-4B5D-A6BB-A3733BEF2FB3}.Release|x86.ActiveCfg = Release|Any CPU
		{0EA77C4F-0A40-4B5D-A6BB-A3733BEF2FB3}.Release|x86.Build.0 = Release|Any CPU
		{B5113C24-92DB-4129-996D-EDD8B5F66DE1}.Debug|Any CPU.ActiveCfg = Debug|Any CPU
		{B5113C24-92DB-4129-996D-EDD8B5F66DE1}.Debug|Any CPU.Build.0 = Debug|Any CPU
		{B5113C24-92DB-4129-996D-EDD8B5F66DE1}.Debug|x64.ActiveCfg = Debug|Any CPU
		{B5113C24-92DB-4129-996D-EDD8B5F66DE1}.Debug|x64.Build.0 = Debug|Any CPU
		{B5113C24-92DB-4129-996D-EDD8B5F66DE1}.Debug|x86.ActiveCfg = Debug|Any CPU
		{B5113C24-92DB-4129-996D-EDD8B5F66DE1}.Debug|x86.Build.0 = Debug|Any CPU
		{B5113C24-92DB-4129-996D-EDD8B5F66DE1}.Release|Any CPU.ActiveCfg = Release|Any CPU
		{B5113C24-92DB-4129-996D-EDD8B5F66DE1}.Release|Any CPU.Build.0 = Release|Any CPU
		{B5113C24-92DB-4129-996D-EDD8B5F66DE1}.Release|x64.ActiveCfg = Release|Any CPU
		{B5113C24-92DB-4129-996D-EDD8B5F66DE1}.Release|x64.Build.0 = Release|Any CPU
		{B5113C24-92DB-4129-996D-EDD8B5F66DE1}.Release|x86.ActiveCfg = Release|Any CPU
		{B5113C24-92DB-4129-996D-EDD8B5F66DE1}.Release|x86.Build.0 = Release|Any CPU
		{BA2F235D-C391-42C9-99EE-7E5B6C183392}.Debug|Any CPU.ActiveCfg = Debug|Any CPU
		{BA2F235D-C391-42C9-99EE-7E5B6C183392}.Debug|Any CPU.Build.0 = Debug|Any CPU
		{BA2F235D-C391-42C9-99EE-7E5B6C183392}.Debug|x64.ActiveCfg = Debug|Any CPU
		{BA2F235D-C391-42C9-99EE-7E5B6C183392}.Debug|x64.Build.0 = Debug|Any CPU
		{BA2F235D-C391-42C9-99EE-7E5B6C183392}.Debug|x86.ActiveCfg = Debug|Any CPU
		{BA2F235D-C391-42C9-99EE-7E5B6C183392}.Debug|x86.Build.0 = Debug|Any CPU
		{BA2F235D-C391-42C9-99EE-7E5B6C183392}.Release|Any CPU.ActiveCfg = Release|Any CPU
		{BA2F235D-C391-42C9-99EE-7E5B6C183392}.Release|Any CPU.Build.0 = Release|Any CPU
		{BA2F235D-C391-42C9-99EE-7E5B6C183392}.Release|x64.ActiveCfg = Release|Any CPU
		{BA2F235D-C391-42C9-99EE-7E5B6C183392}.Release|x64.Build.0 = Release|Any CPU
		{BA2F235D-C391-42C9-99EE-7E5B6C183392}.Release|x86.ActiveCfg = Release|Any CPU
		{BA2F235D-C391-42C9-99EE-7E5B6C183392}.Release|x86.Build.0 = Release|Any CPU
		{1B995858-2EDE-46C4-9939-4DBDC9252DFB}.Debug|Any CPU.ActiveCfg = Debug|Any CPU
		{1B995858-2EDE-46C4-9939-4DBDC9252DFB}.Debug|Any CPU.Build.0 = Debug|Any CPU
		{1B995858-2EDE-46C4-9939-4DBDC9252DFB}.Debug|x64.ActiveCfg = Debug|Any CPU
		{1B995858-2EDE-46C4-9939-4DBDC9252DFB}.Debug|x64.Build.0 = Debug|Any CPU
		{1B995858-2EDE-46C4-9939-4DBDC9252DFB}.Debug|x86.ActiveCfg = Debug|Any CPU
		{1B995858-2EDE-46C4-9939-4DBDC9252DFB}.Debug|x86.Build.0 = Debug|Any CPU
		{1B995858-2EDE-46C4-9939-4DBDC9252DFB}.Release|Any CPU.ActiveCfg = Release|Any CPU
		{1B995858-2EDE-46C4-9939-4DBDC9252DFB}.Release|Any CPU.Build.0 = Release|Any CPU
		{1B995858-2EDE-46C4-9939-4DBDC9252DFB}.Release|x64.ActiveCfg = Release|Any CPU
		{1B995858-2EDE-46C4-9939-4DBDC9252DFB}.Release|x64.Build.0 = Release|Any CPU
		{1B995858-2EDE-46C4-9939-4DBDC9252DFB}.Release|x86.ActiveCfg = Release|Any CPU
		{1B995858-2EDE-46C4-9939-4DBDC9252DFB}.Release|x86.Build.0 = Release|Any CPU
		{200AD083-6B7B-4969-B797-2A78016F19C5}.Debug|Any CPU.ActiveCfg = Debug|Any CPU
		{200AD083-6B7B-4969-B797-2A78016F19C5}.Debug|Any CPU.Build.0 = Debug|Any CPU
		{200AD083-6B7B-4969-B797-2A78016F19C5}.Debug|x64.ActiveCfg = Debug|Any CPU
		{200AD083-6B7B-4969-B797-2A78016F19C5}.Debug|x64.Build.0 = Debug|Any CPU
		{200AD083-6B7B-4969-B797-2A78016F19C5}.Debug|x86.ActiveCfg = Debug|Any CPU
		{200AD083-6B7B-4969-B797-2A78016F19C5}.Debug|x86.Build.0 = Debug|Any CPU
		{200AD083-6B7B-4969-B797-2A78016F19C5}.Release|Any CPU.ActiveCfg = Release|Any CPU
		{200AD083-6B7B-4969-B797-2A78016F19C5}.Release|Any CPU.Build.0 = Release|Any CPU
		{200AD083-6B7B-4969-B797-2A78016F19C5}.Release|x64.ActiveCfg = Release|Any CPU
		{200AD083-6B7B-4969-B797-2A78016F19C5}.Release|x64.Build.0 = Release|Any CPU
		{200AD083-6B7B-4969-B797-2A78016F19C5}.Release|x86.ActiveCfg = Release|Any CPU
		{200AD083-6B7B-4969-B797-2A78016F19C5}.Release|x86.Build.0 = Release|Any CPU
		{C15051B8-2A6C-49B5-ABA7-B0AF4445CEF6}.Debug|Any CPU.ActiveCfg = Debug|Any CPU
		{C15051B8-2A6C-49B5-ABA7-B0AF4445CEF6}.Debug|Any CPU.Build.0 = Debug|Any CPU
		{C15051B8-2A6C-49B5-ABA7-B0AF4445CEF6}.Debug|x64.ActiveCfg = Debug|Any CPU
		{C15051B8-2A6C-49B5-ABA7-B0AF4445CEF6}.Debug|x64.Build.0 = Debug|Any CPU
		{C15051B8-2A6C-49B5-ABA7-B0AF4445CEF6}.Debug|x86.ActiveCfg = Debug|Any CPU
		{C15051B8-2A6C-49B5-ABA7-B0AF4445CEF6}.Debug|x86.Build.0 = Debug|Any CPU
		{C15051B8-2A6C-49B5-ABA7-B0AF4445CEF6}.Release|Any CPU.ActiveCfg = Release|Any CPU
		{C15051B8-2A6C-49B5-ABA7-B0AF4445CEF6}.Release|Any CPU.Build.0 = Release|Any CPU
		{C15051B8-2A6C-49B5-ABA7-B0AF4445CEF6}.Release|x64.ActiveCfg = Release|Any CPU
		{C15051B8-2A6C-49B5-ABA7-B0AF4445CEF6}.Release|x64.Build.0 = Release|Any CPU
		{C15051B8-2A6C-49B5-ABA7-B0AF4445CEF6}.Release|x86.ActiveCfg = Release|Any CPU
		{C15051B8-2A6C-49B5-ABA7-B0AF4445CEF6}.Release|x86.Build.0 = Release|Any CPU
		{6FA35FC3-6CE5-4988-8161-5BB3A663BC7B}.Debug|Any CPU.ActiveCfg = Debug|Any CPU
		{6FA35FC3-6CE5-4988-8161-5BB3A663BC7B}.Debug|Any CPU.Build.0 = Debug|Any CPU
		{6FA35FC3-6CE5-4988-8161-5BB3A663BC7B}.Debug|x64.ActiveCfg = Debug|Any CPU
		{6FA35FC3-6CE5-4988-8161-5BB3A663BC7B}.Debug|x64.Build.0 = Debug|Any CPU
		{6FA35FC3-6CE5-4988-8161-5BB3A663BC7B}.Debug|x86.ActiveCfg = Debug|Any CPU
		{6FA35FC3-6CE5-4988-8161-5BB3A663BC7B}.Debug|x86.Build.0 = Debug|Any CPU
		{6FA35FC3-6CE5-4988-8161-5BB3A663BC7B}.Release|Any CPU.ActiveCfg = Release|Any CPU
		{6FA35FC3-6CE5-4988-8161-5BB3A663BC7B}.Release|Any CPU.Build.0 = Release|Any CPU
		{6FA35FC3-6CE5-4988-8161-5BB3A663BC7B}.Release|x64.ActiveCfg = Release|Any CPU
		{6FA35FC3-6CE5-4988-8161-5BB3A663BC7B}.Release|x64.Build.0 = Release|Any CPU
		{6FA35FC3-6CE5-4988-8161-5BB3A663BC7B}.Release|x86.ActiveCfg = Release|Any CPU
		{6FA35FC3-6CE5-4988-8161-5BB3A663BC7B}.Release|x86.Build.0 = Release|Any CPU
	EndGlobalSection
	GlobalSection(SolutionProperties) = preSolution
		HideSolutionNode = FALSE
	EndGlobalSection
	GlobalSection(NestedProjects) = preSolution
		{90298CBA-BD6F-3A0A-69D5-97CAD7B05E7E} = {827E0CD3-B72D-47B6-A68D-7590B98EB39B}
		{0EA77C4F-0A40-4B5D-A6BB-A3733BEF2FB3} = {90298CBA-BD6F-3A0A-69D5-97CAD7B05E7E}
		{B5113C24-92DB-4129-996D-EDD8B5F66DE1} = {90298CBA-BD6F-3A0A-69D5-97CAD7B05E7E}
		{6306A8FB-679E-111F-6585-8F70E0EE6013} = {827E0CD3-B72D-47B6-A68D-7590B98EB39B}
		{BA2F235D-C391-42C9-99EE-7E5B6C183392} = {6306A8FB-679E-111F-6585-8F70E0EE6013}
		{984BB9B3-3FA3-BE33-9484-CAC21695A33C} = {827E0CD3-B72D-47B6-A68D-7590B98EB39B}
		{DBEBE0B0-B5B0-423B-D75D-3F5D7183D7B8} = {984BB9B3-3FA3-BE33-9484-CAC21695A33C}
		{1B995858-2EDE-46C4-9939-4DBDC9252DFB} = {DBEBE0B0-B5B0-423B-D75D-3F5D7183D7B8}
		{6F323101-07C5-3B07-9779-E35401B8AFD2} = {984BB9B3-3FA3-BE33-9484-CAC21695A33C}
		{200AD083-6B7B-4969-B797-2A78016F19C5} = {6F323101-07C5-3B07-9779-E35401B8AFD2}
		{1BFC9479-12BF-35C3-06B8-42D89D95092B} = {984BB9B3-3FA3-BE33-9484-CAC21695A33C}
		{C15051B8-2A6C-49B5-ABA7-B0AF4445CEF6} = {1BFC9479-12BF-35C3-06B8-42D89D95092B}
		{C5FBE174-8E0F-F5A3-B929-8BD0C55C0A32} = {984BB9B3-3FA3-BE33-9484-CAC21695A33C}
		{6FA35FC3-6CE5-4988-8161-5BB3A663BC7B} = {C5FBE174-8E0F-F5A3-B929-8BD0C55C0A32}
	EndGlobalSection
EndGlobal
